
Microsoft Visual Studio Solution File, Format Version 12.00
# Visual Studio Version 17
VisualStudioVersion = 17.6.33815.320
MinimumVisualStudioVersion = 10.0.40219.1
Project("{FAE04EC0-301F-11D3-BF4B-00C04F79EFBC}") = "ConAppAssignment24_Main", "ConAppAssignment24_Main\ConAppAssignment24_Main.csproj", "{864D8B4A-FC80-4297-BF70-9084A1D6EA55}"
EndProject
Global
	GlobalSection(SolutionConfigurationPlatforms) = preSolution
		Debug|Any CPU = Debug|Any CPU
		Release|Any CPU = Release|Any CPU
	EndGlobalSection
	GlobalSection(ProjectConfigurationPlatforms) = postSolution
		{864D8B4A-FC80-4297-BF70-9084A1D6EA55}.Debug|Any CPU.ActiveCfg = Debug|Any CPU
		{864D8B4A-FC80-4297-BF70-9084A1D6EA55}.Debug|Any CPU.Build.0 = Debug|Any CPU
		{864D8B4A-FC80-4297-BF70-9084A1D6EA55}.Release|Any CPU.ActiveCfg = Release|Any CPU
		{864D8B4A-FC80-4297-BF70-9084A1D6EA55}.Release|Any CPU.Build.0 = Release|Any CPU
	EndGlobalSection
	GlobalSection(SolutionProperties) = preSolution
		HideSolutionNode = FALSE
	EndGlobalSection
	GlobalSection(ExtensibilityGlobals) = postSolution
		SolutionGuid = {E0498AC2-60F2-4288-9B43-199AD7A0E1DB}
	EndGlobalSection
EndGlobal
